// !$*UTF8*$!
{
	archiveVersion = 1;
	classes = {
	};
	objectVersion = 50;
	objects = {

/* Begin PBXBuildFile section */
		42729E512647F2390064D6BE /* AppDelegate.swift in Sources */ = {isa = PBXBuildFile; fileRef = 42729E502647F2390064D6BE /* AppDelegate.swift */; };
		42729E532647F2390064D6BE /* SceneDelegate.swift in Sources */ = {isa = PBXBuildFile; fileRef = 42729E522647F2390064D6BE /* SceneDelegate.swift */; };
		42729E552647F2390064D6BE /* ViewController.swift in Sources */ = {isa = PBXBuildFile; fileRef = 42729E542647F2390064D6BE /* ViewController.swift */; };
		42729E582647F23A0064D6BE /* Main.storyboard in Resources */ = {isa = PBXBuildFile; fileRef = 42729E562647F23A0064D6BE /* Main.storyboard */; };
		42729E5A2647F23C0064D6BE /* Assets.xcassets in Resources */ = {isa = PBXBuildFile; fileRef = 42729E592647F23C0064D6BE /* Assets.xcassets */; };
		42729E5D2647F23D0064D6BE /* LaunchScreen.storyboard in Resources */ = {isa = PBXBuildFile; fileRef = 42729E5B2647F23D0064D6BE /* LaunchScreen.storyboard */; };
		42729E682647F23D0064D6BE /* jfjsqTests.swift in Sources */ = {isa = PBXBuildFile; fileRef = 42729E672647F23D0064D6BE /* jfjsqTests.swift */; };
		42729E732647F23D0064D6BE /* jfjsqUITests.swift in Sources */ = {isa = PBXBuildFile; fileRef = 42729E722647F23D0064D6BE /* jfjsqUITests.swift */; };
/* End PBXBuildFile section */

/* Begin PBXContainerItemProxy section */
		42729E642647F23D0064D6BE /* PBXContainerItemProxy */ = {
			isa = PBXContainerItemProxy;
			containerPortal = 42729E452647F2390064D6BE /* Project object */;
			proxyType = 1;
			remoteGlobalIDString = 42729E4C2647F2390064D6BE;
			remoteInfo = jfjsq;
		};
		42729E6F2647F23D0064D6BE /* PBXContainerItemProxy */ = {
			isa = PBXContainerItemProxy;
			containerPortal = 42729E452647F2390064D6BE /* Project object */;
			proxyType = 1;
			remoteGlobalIDString = 42729E4C2647F2390064D6BE;
			remoteInfo = jfjsq;
		};
/* End PBXContainerItemProxy section */

/* Begin PBXFileReference section */
		42729E4D2647F2390064D6BE /* jfjsq.app */ = {isa = PBXFileReference; explicitFileType = wrapper.application; includeInIndex = 0; path = jfjsq.app; sourceTree = BUILT_PRODUCTS_DIR; };
		42729E502647F2390064D6BE /* AppDelegate.swift */ = {isa = PBXFileReference; lastKnownFileType = sourcecode.swift; path = AppDelegate.swift; sourceTree = "<group>"; };
		42729E522647F2390064D6BE /* SceneDelegate.swift */ = {isa = PBXFileReference; lastKnownFileType = sourcecode.swift; path = SceneDelegate.swift; sourceTree = "<group>"; };
		42729E542647F2390064D6BE /* ViewController.swift */ = {isa = PBXFileReference; lastKnownFileType = sourcecode.swift; path = ViewController.swift; sourceTree = "<group>"; };
		42729E572647F23A0064D6BE /* Base */ = {isa = PBXFileReference; lastKnownFileType = file.storyboard; name = Base; path = Base.lproj/Main.storyboard; sourceTree = "<group>"; };
		42729E592647F23C0064D6BE /* Assets.xcassets */ = {isa = PBXFileReference; lastKnownFileType = folder.assetcatalog; path = Assets.xcassets; sourceTree = "<group>"; };
		42729E5C2647F23D0064D6BE /* Base */ = {isa = PBXFileReference; lastKnownFileType = file.storyboard; name = Base; path = Base.lproj/LaunchScreen.storyboard; sourceTree = "<group>"; };
		42729E5E2647F23D0064D6BE /* Info.plist */ = {isa = PBXFileReference; lastKnownFileType = text.plist.xml; path = Info.plist; sourceTree = "<group>"; };
		42729E632647F23D0064D6BE /* jfjsqTests.xctest */ = {isa = PBXFileReference; explicitFileType = wrapper.cfbundle; includeInIndex = 0; path = jfjsqTests.xctest; sourceTree = BUILT_PRODUCTS_DIR; };
		42729E672647F23D0064D6BE /* jfjsqTests.swift */ = {isa = PBXFileReference; lastKnownFileType = sourcecode.swift; path = jfjsqTests.swift; sourceTree = "<group>"; };
		42729E692647F23D0064D6BE /* Info.plist */ = {isa = PBXFileReference; lastKnownFileType = text.plist.xml; path = Info.plist; sourceTree = "<group>"; };
		42729E6E2647F23D0064D6BE /* jfjsqUITests.xctest */ = {isa = PBXFileReference; explicitFileType = wrapper.cfbundle; includeInIndex = 0; path = jfjsqUITests.xctest; sourceTree = BUILT_PRODUCTS_DIR; };
		42729E722647F23D0064D6BE /* jfjsqUITests.swift */ = {isa = PBXFileReference; lastKnownFileType = sourcecode.swift; path = jfjsqUITests.swift; sourceTree = "<group>"; };
		42729E742647F23D0064D6BE /* Info.plist */ = {isa = PBXFileReference; lastKnownFileType = text.plist.xml; path = Info.plist; sourceTree = "<group>"; };
/* End PBXFileReference section */

/* Begin PBXFrameworksBuildPhase section */
		42729E4A2647F2390064D6BE /* Frameworks */ = {
			isa = PBXFrameworksBuildPhase;
			buildActionMask = 2147483647;
			files = (
			);
			runOnlyForDeploymentPostprocessing = 0;
		};
		42729E602647F23D0064D6BE /* Frameworks */ = {
			isa = PBXFrameworksBuildPhase;
			buildActionMask = 2147483647;
			files = (
			);
			runOnlyForDeploymentPostprocessing = 0;
		};
		42729E6B2647F23D0064D6BE /* Frameworks */ = {
			isa = PBXFrameworksBuildPhase;
			buildActionMask = 2147483647;
			files = (
			);
			runOnlyForDeploymentPostprocessing = 0;
		};
/* End PBXFrameworksBuildPhase section */

/* Begin PBXGroup section */
		42729E442647F2390064D6BE = {
			isa = PBXGroup;
			children = (
				42729E4F2647F2390064D6BE /* jfjsq */,
				42729E662647F23D0064D6BE /* jfjsqTests */,
				42729E712647F23D0064D6BE /* jfjsqUITests */,
				42729E4E2647F2390064D6BE /* Products */,
			);
			sourceTree = "<group>";
		};
		42729E4E2647F2390064D6BE /* Products */ = {
			isa = PBXGroup;
			children = (
				42729E4D2647F2390064D6BE /* jfjsq.app */,
				42729E632647F23D0064D6BE /* jfjsqTests.xctest */,
				42729E6E2647F23D0064D6BE /* jfjsqUITests.xctest */,
			);
			name = Products;
			sourceTree = "<group>";
		};
		42729E4F2647F2390064D6BE /* jfjsq */ = {
			isa = PBXGroup;
			children = (
				42729E502647F2390064D6BE /* AppDelegate.swift */,
				42729E522647F2390064D6BE /* SceneDelegate.swift */,
				42729E542647F2390064D6BE /* ViewController.swift */,
				42729E562647F23A0064D6BE /* Main.storyboard */,
				42729E592647F23C0064D6BE /* Assets.xcassets */,
				42729E5B2647F23D0064D6BE /* LaunchScreen.storyboard */,
				42729E5E2647F23D0064D6BE /* Info.plist */,
			);
			path = jfjsq;
			sourceTree = "<group>";
		};
		42729E662647F23D0064D6BE /* jfjsqTests */ = {
			isa = PBXGroup;
			children = (
				42729E672647F23D0064D6BE /* jfjsqTests.swift */,
				42729E692647F23D0064D6BE /* Info.plist */,
			);
			path = jfjsqTests;
			sourceTree = "<group>";
		};
		42729E712647F23D0064D6BE /* jfjsqUITests */ = {
			isa = PBXGroup;
			children = (
				42729E722647F23D0064D6BE /* jfjsqUITests.swift */,
				42729E742647F23D0064D6BE /* Info.plist */,
			);
			path = jfjsqUITests;
			sourceTree = "<group>";
		};
/* End PBXGroup section */

/* Begin PBXNativeTarget section */
		42729E4C2647F2390064D6BE /* jfjsq */ = {
			isa = PBXNativeTarget;
			buildConfigurationList = 42729E772647F23D0064D6BE /* Build configuration list for PBXNativeTarget "jfjsq" */;
			buildPhases = (
				42729E492647F2390064D6BE /* Sources */,
				42729E4A2647F2390064D6BE /* Frameworks */,
				42729E4B2647F2390064D6BE /* Resources */,
			);
			buildRules = (
			);
			dependencies = (
			);
			name = jfjsq;
			productName = jfjsq;
			productReference = 42729E4D2647F2390064D6BE /* jfjsq.app */;
			productType = "com.apple.product-type.application";
		};
		42729E622647F23D0064D6BE /* jfjsqTests */ = {
			isa = PBXNativeTarget;
			buildConfigurationList = 42729E7A2647F23D0064D6BE /* Build configuration list for PBXNativeTarget "jfjsqTests" */;
			buildPhases = (
				42729E5F2647F23D0064D6BE /* Sources */,
				42729E602647F23D0064D6BE /* Frameworks */,
				42729E612647F23D0064D6BE /* Resources */,
			);
			buildRules = (
			);
			dependencies = (
				42729E652647F23D0064D6BE /* PBXTargetDependency */,
			);
			name = jfjsqTests;
			productName = jfjsqTests;
			productReference = 42729E632647F23D0064D6BE /* jfjsqTests.xctest */;
			productType = "com.apple.product-type.bundle.unit-test";
		};
		42729E6D2647F23D0064D6BE /* jfjsqUITests */ = {
			isa = PBXNativeTarget;
			buildConfigurationList = 42729E7D2647F23D0064D6BE /* Build configuration list for PBXNativeTarget "jfjsqUITests" */;
			buildPhases = (
				42729E6A2647F23D0064D6BE /* Sources */,
				42729E6B2647F23D0064D6BE /* Frameworks */,
				42729E6C2647F23D0064D6BE /* Resources */,
			);
			buildRules = (
			);
			dependencies = (
				42729E702647F23D0064D6BE /* PBXTargetDependency */,
			);
			name = jfjsqUITests;
			productName = jfjsqUITests;
			productReference = 42729E6E2647F23D0064D6BE /* jfjsqUITests.xctest */;
			productType = "com.apple.product-type.bundle.ui-testing";
		};
/* End PBXNativeTarget section */

/* Begin PBXProject section */
		42729E452647F2390064D6BE /* Project object */ = {
			isa = PBXProject;
			attributes = {
				LastSwiftUpdateCheck = 1250;
				LastUpgradeCheck = 1250;
				TargetAttributes = {
					42729E4C2647F2390064D6BE = {
						CreatedOnToolsVersion = 12.5;
					};
					42729E622647F23D0064D6BE = {
						CreatedOnToolsVersion = 12.5;
						TestTargetID = 42729E4C2647F2390064D6BE;
					};
					42729E6D2647F23D0064D6BE = {
						CreatedOnToolsVersion = 12.5;
						TestTargetID = 42729E4C2647F2390064D6BE;
					};
				};
			};
			buildConfigurationList = 42729E482647F2390064D6BE /* Build configuration list for PBXProject "jfjsq" */;
			compatibilityVersion = "Xcode 9.3";
			developmentRegion = en;
			hasScannedForEncodings = 0;
			knownRegions = (
				en,
				Base,
			);
			mainGroup = 42729E442647F2390064D6BE;
			productRefGroup = 42729E4E2647F2390064D6BE /* Products */;
			projectDirPath = "";
			projectRoot = "";
			targets = (
				42729E4C2647F2390064D6BE /* jfjsq */,
				42729E622647F23D0064D6BE /* jfjsqTests */,
				42729E6D2647F23D0064D6BE /* jfjsqUITests */,
			);
		};
/* End PBXProject section */

/* Begin PBXResourcesBuildPhase section */
		42729E4B2647F2390064D6BE /* Resources */ = {
			isa = PBXResourcesBuildPhase;
			buildActionMask = 2147483647;
			files = (
				42729E5D2647F23D0064D6BE /* LaunchScreen.storyboard in Resources */,
				42729E5A2647F23C0064D6BE /* Assets.xcassets in Resources */,
				42729E582647F23A0064D6BE /* Main.storyboard in Resources */,
			);
			runOnlyForDeploymentPostprocessing = 0;
		};
		42729E612647F23D0064D6BE /* Resources */ = {
			isa = PBXResourcesBuildPhase;
			buildActionMask = 2147483647;
			files = (
			);
			runOnlyForDeploymentPostprocessing = 0;
		};
		42729E6C2647F23D0064D6BE /* Resources */ = {
			isa = PBXResourcesBuildPhase;
			buildActionMask = 2147483647;
			files = (
			);
			runOnlyForDeploymentPostprocessing = 0;
		};
/* End PBXResourcesBuildPhase section */

/* Begin PBXSourcesBuildPhase section */
		42729E492647F2390064D6BE /* Sources */ = {
			isa = PBXSourcesBuildPhase;
			buildActionMask = 2147483647;
			files = (
				42729E552647F2390064D6BE /* ViewController.swift in Sources */,
				42729E512647F2390064D6BE /* AppDelegate.swift in Sources */,
				42729E532647F2390064D6BE /* SceneDelegate.swift in Sources */,
			);
			runOnlyForDeploymentPostprocessing = 0;
		};
		42729E5F2647F23D0064D6BE /* Sources */ = {
			isa = PBXSourcesBuildPhase;
			buildActionMask = 2147483647;
			files = (
				42729E682647F23D0064D6BE /* jfjsqTests.swift in Sources */,
			);
			runOnlyForDeploymentPostprocessing = 0;
		};
		42729E6A2647F23D0064D6BE /* Sources */ = {
			isa = PBXSourcesBuildPhase;
			buildActionMask = 2147483647;
			files = (
				42729E732647F23D0064D6BE /* jfjsqUITests.swift in Sources */,
			);
			runOnlyForDeploymentPostprocessing = 0;
		};
/* End PBXSourcesBuildPhase section */

/* Begin PBXTargetDependency section */
		42729E652647F23D0064D6BE /* PBXTargetDependency */ = {
			isa = PBXTargetDependency;
			target = 42729E4C2647F2390064D6BE /* jfjsq */;
			targetProxy = 42729E642647F23D0064D6BE /* PBXContainerItemProxy */;
		};
		42729E702647F23D0064D6BE /* PBXTargetDependency */ = {
			isa = PBXTargetDependency;
			target = 42729E4C2647F2390064D6BE /* jfjsq */;
			targetProxy = 42729E6F2647F23D0064D6BE /* PBXContainerItemProxy */;
		};
/* End PBXTargetDependency section */

/* Begin PBXVariantGroup section */
		42729E562647F23A0064D6BE /* Main.storyboard */ = {
			isa = PBXVariantGroup;
			children = (
				42729E572647F23A0064D6BE /* Base */,
			);
			name = Main.storyboard;
			sourceTree = "<group>";
		};
		42729E5B2647F23D0064D6BE /* LaunchScreen.storyboard */ = {
			isa = PBXVariantGroup;
			children = (
				42729E5C2647F23D0064D6BE /* Base */,
			);
			name = LaunchScreen.storyboard;
			sourceTree = "<group>";
		};
/* End PBXVariantGroup section */

/* Begin XCBuildConfiguration section */
		42729E752647F23D0064D6BE /* Debug */ = {
			isa = XCBuildConfiguration;
			buildSettings = {
				ALWAYS_SEARCH_USER_PATHS = NO;
				CLANG_ANALYZER_NONNULL = YES;
				CLANG_ANALYZER_NUMBER_OBJECT_CONVERSION = YES_AGGRESSIVE;
				CLANG_CXX_LANGUAGE_STANDARD = "gnu++14";
				CLANG_CXX_LIBRARY = "libc++";
				CLANG_ENABLE_MODULES = YES;
				CLANG_ENABLE_OBJC_ARC = YES;
				CLANG_ENABLE_OBJC_WEAK = YES;
				CLANG_WARN_BLOCK_CAPTURE_AUTORELEASING = YES;
				CLANG_WARN_BOOL_CONVERSION = YES;
				CLANG_WARN_COMMA = YES;
				CLANG_WARN_CONSTANT_CONVERSION = YES;
				CLANG_WARN_DEPRECATED_OBJC_IMPLEMENTATIONS = YES;
				CLANG_WARN_DIRECT_OBJC_ISA_USAGE = YES_ERROR;
				CLANG_WARN_DOCUMENTATION_COMMENTS = YES;
				CLANG_WARN_EMPTY_BODY = YES;
				CLANG_WARN_ENUM_CONVERSION = YES;
				CLANG_WARN_INFINITE_RECURSION = YES;
				CLANG_WARN_INT_CONVERSION = YES;
				CLANG_WARN_NON_LITERAL_NULL_CONVERSION = YES;
				CLANG_WARN_OBJC_IMPLICIT_RETAIN_SELF = YES;
				CLANG_WARN_OBJC_LITERAL_CONVERSION = YES;
				CLANG_WARN_OBJC_ROOT_CLASS = YES_ERROR;
				CLANG_WARN_QUOTED_INCLUDE_IN_FRAMEWORK_HEADER = YES;
				CLANG_WARN_RANGE_LOOP_ANALYSIS = YES;
				CLANG_WARN_STRICT_PROTOTYPES = YES;
				CLANG_WARN_SUSPICIOUS_MOVE = YES;
				CLANG_WARN_UNGUARDED_AVAILABILITY = YES_AGGRESSIVE;
				CLANG_WARN_UNREACHABLE_CODE = YES;
				CLANG_WARN__DUPLICATE_METHOD_MATCH = YES;
				COPY_PHASE_STRIP = NO;
				DEBUG_INFORMATION_FORMAT = dwarf;
				ENABLE_STRICT_OBJC_MSGSEND = YES;
				ENABLE_TESTABILITY = YES;
				GCC_C_LANGUAGE_STANDARD = gnu11;
				GCC_DYNAMIC_NO_PIC = NO;
				GCC_NO_COMMON_BLOCKS = YES;
				GCC_OPTIMIZATION_LEVEL = 0;
				GCC_PREPROCESSOR_DEFINITIONS = (
					"DEBUG=1",
					"$(inherited)",
				);
				GCC_WARN_64_TO_32_BIT_CONVERSION = YES;
				GCC_WARN_ABOUT_RETURN_TYPE = YES_ERROR;
				GCC_WARN_UNDECLARED_SELECTOR = YES;
				GCC_WARN_UNINITIALIZED_AUTOS = YES_AGGRESSIVE;
				GCC_WARN_UNUSED_FUNCTION = YES;
				GCC_WARN_UNUSED_VARIABLE = YES;
				IPHONEOS_DEPLOYMENT_TARGET = 14.5;
				MTL_ENABLE_DEBUG_INFO = INCLUDE_SOURCE;
				MTL_FAST_MATH = YES;
				ONLY_ACTIVE_ARCH = YES;
				SDKROOT = iphoneos;
				SWIFT_ACTIVE_COMPILATION_CONDITIONS = DEBUG;
				SWIFT_OPTIMIZATION_LEVEL = "-Onone";
			};
			name = Debug;
		};
		42729E762647F23D0064D6BE /* Release */ = {
			isa = XCBuildConfiguration;
			buildSettings = {
				ALWAYS_SEARCH_USER_PATHS = NO;
				CLANG_ANALYZER_NONNULL = YES;
				CLANG_ANALYZER_NUMBER_OBJECT_CONVERSION = YES_AGGRESSIVE;
				CLANG_CXX_LANGUAGE_STANDARD = "gnu++14";
				CLANG_CXX_LIBRARY = "libc++";
				CLANG_ENABLE_MODULES = YES;
				CLANG_ENABLE_OBJC_ARC = YES;
				CLANG_ENABLE_OBJC_WEAK = YES;
				CLANG_WARN_BLOCK_CAPTURE_AUTORELEASING = YES;
				CLANG_WARN_BOOL_CONVERSION = YES;
				CLANG_WARN_COMMA = YES;
				CLANG_WARN_CONSTANT_CONVERSION = YES;
				CLANG_WARN_DEPRECATED_OBJC_IMPLEMENTATIONS = YES;
				CLANG_WARN_DIRECT_OBJC_ISA_USAGE = YES_ERROR;
				CLANG_WARN_DOCUMENTATION_COMMENTS = YES;
				CLANG_WARN_EMPTY_BODY = YES;
				CLANG_WARN_ENUM_CONVERSION = YES;
				CLANG_WARN_INFINITE_RECURSION = YES;
				CLANG_WARN_INT_CONVERSION = YES;
				CLANG_WARN_NON_LITERAL_NULL_CONVERSION = YES;
				CLANG_WARN_OBJC_IMPLICIT_RETAIN_SELF = YES;
				CLANG_WARN_OBJC_LITERAL_CONVERSION = YES;
				CLANG_WARN_OBJC_ROOT_CLASS = YES_ERROR;
				CLANG_WARN_QUOTED_INCLUDE_IN_FRAMEWORK_HEADER = YES;
				CLANG_WARN_RANGE_LOOP_ANALYSIS = YES;
				CLANG_WARN_STRICT_PROTOTYPES = YES;
				CLANG_WARN_SUSPICIOUS_MOVE = YES;
				CLANG_WARN_UNGUARDED_AVAILABILITY = YES_AGGRESSIVE;
				CLANG_WARN_UNREACHABLE_CODE = YES;
				CLANG_WARN__DUPLICATE_METHOD_MATCH = YES;
				COPY_PHASE_STRIP = NO;
				DEBUG_INFORMATION_FORMAT = "dwarf-with-dsym";
				ENABLE_NS_ASSERTIONS = NO;
				ENABLE_STRICT_OBJC_MSGSEND = YES;
				GCC_C_LANGUAGE_STANDARD = gnu11;
				GCC_NO_COMMON_BLOCKS = YES;
				GCC_WARN_64_TO_32_BIT_CONVERSION = YES;
				GCC_WARN_ABOUT_RETURN_TYPE = YES_ERROR;
				GCC_WARN_UNDECLARED_SELECTOR = YES;
				GCC_WARN_UNINITIALIZED_AUTOS = YES_AGGRESSIVE;
				GCC_WARN_UNUSED_FUNCTION = YES;
				GCC_WARN_UNUSED_VARIABLE = YES;
				IPHONEOS_DEPLOYMENT_TARGET = 14.5;
				MTL_ENABLE_DEBUG_INFO = NO;
				MTL_FAST_MATH = YES;
				SDKROOT = iphoneos;
				SWIFT_COMPILATION_MODE = wholemodule;
				SWIFT_OPTIMIZATION_LEVEL = "-O";
				VALIDATE_PRODUCT = YES;
			};
			name = Release;
		};
		42729E782647F23D0064D6BE /* Debug */ = {
			isa = XCBuildConfiguration;
			buildSettings = {
				ASSETCATALOG_COMPILER_APPICON_NAME = AppIcon;
				ASSETCATALOG_COMPILER_GLOBAL_ACCENT_COLOR_NAME = AccentColor;
				CODE_SIGN_STYLE = Automatic;
				INFOPLIST_FILE = jfjsq/Info.plist;
				LD_RUNPATH_SEARCH_PATHS = (
					"$(inherited)",
					"@executable_path/Frameworks",
				);
				PRODUCT_BUNDLE_IDENTIFIER = com.zyw.com.jfjsq;
				PRODUCT_NAME = "$(TARGET_NAME)";
				SWIFT_VERSION = 5.0;
				TARGETED_DEVICE_FAMILY = "1,2";
			};
			name = Debug;
		};
		42729E792647F23D0064D6BE /* Release */ = {
			isa = XCBuildConfiguration;
			buildSettings = {
				ASSETCATALOG_COMPILER_APPICON_NAME = AppIcon;
				ASSETCATALOG_COMPILER_GLOBAL_ACCENT_COLOR_NAME = AccentColor;
				CODE_SIGN_STYLE = Automatic;
				INFOPLIST_FILE = jfjsq/Info.plist;
				LD_RUNPATH_SEARCH_PATHS = (
					"$(inherited)",
					"@executable_path/Frameworks",
				);
				PRODUCT_BUNDLE_IDENTIFIER = com.zyw.com.jfjsq;
				PRODUCT_NAME = "$(TARGET_NAME)";
				SWIFT_VERSION = 5.0;
				TARGETED_DEVICE_FAMILY = "1,2";
			};
			name = Release;
		};
		42729E7B2647F23D0064D6BE /* Debug */ = {
			isa = XCBuildConfiguration;
			buildSettings = {
				ALWAYS_EMBED_SWIFT_STANDARD_LIBRARIES = YES;
				BUNDLE_LOADER = "$(TEST_HOST)";
				CODE_SIGN_STYLE = Automatic;
				INFOPLIST_FILE = jfjsqTests/Info.plist;
				IPHONEOS_DEPLOYMENT_TARGET = 14.5;
				LD_RUNPATH_SEARCH_PATHS = (
					"$(inherited)",
					"@executable_path/Frameworks",
					"@loader_path/Frameworks",
				);
				PRODUCT_BUNDLE_IDENTIFIER = com.zyw.com.jfjsqTests;
				PRODUCT_NAME = "$(TARGET_NAME)";
				SWIFT_VERSION = 5.0;
				TARGETED_DEVICE_FAMILY = "1,2";
				TEST_HOST = "$(BUILT_PRODUCTS_DIR)/jfjsq.app/jfjsq";
			};
			name = Debug;
		};
		42729E7C2647F23D0064D6BE /* Release */ = {
			isa = XCBuildConfiguration;
			buildSettings = {
				ALWAYS_EMBED_SWIFT_STANDARD_LIBRARIES = YES;
				BUNDLE_LOADER = "$(TEST_HOST)";
				CODE_SIGN_STYLE = Automatic;
				INFOPLIST_FILE = jfjsqTests/Info.plist;
				IPHONEOS_DEPLOYMENT_TARGET = 14.5;
				LD_RUNPATH_SEARCH_PATHS = (
					"$(inherited)",
					"@executable_path/Frameworks",
					"@loader_path/Frameworks",
				);
				PRODUCT_BUNDLE_IDENTIFIER = com.zyw.com.jfjsqTests;
				PRODUCT_NAME = "$(TARGET_NAME)";
				SWIFT_VERSION = 5.0;
				TARGETED_DEVICE_FAMILY = "1,2";
				TEST_HOST = "$(BUILT_PRODUCTS_DIR)/jfjsq.app/jfjsq";
			};
			name = Release;
		};
		42729E7E2647F23D0064D6BE /* Debug */ = {
			isa = XCBuildConfiguration;
			buildSettings = {
				ALWAYS_EMBED_SWIFT_STANDARD_LIBRARIES = YES;
				CODE_SIGN_STYLE = Automatic;
				INFOPLIST_FILE = jfjsqUITests/Info.plist;
				LD_RUNPATH_SEARCH_PATHS = (
					"$(inherited)",
					"@executable_path/Frameworks",
					"@loader_path/Frameworks",
				);
				PRODUCT_BUNDLE_IDENTIFIER = com.zyw.com.jfjsqUITests;
				PRODUCT_NAME = "$(TARGET_NAME)";
				SWIFT_VERSION = 5.0;
				TARGETED_DEVICE_FAMILY = "1,2";
				TEST_TARGET_NAME = jfjsq;
			};
			name = Debug;
		};
		42729E7F2647F23D0064D6BE /* Release */ = {
			isa = XCBuildConfiguration;
			buildSettings = {
				ALWAYS_EMBED_SWIFT_STANDARD_LIBRARIES = YES;
				CODE_SIGN_STYLE = Automatic;
				INFOPLIST_FILE = jfjsqUITests/Info.plist;
				LD_RUNPATH_SEARCH_PATHS = (
					"$(inherited)",
					"@executable_path/Frameworks",
					"@loader_path/Frameworks",
				);
				PRODUCT_BUNDLE_IDENTIFIER = com.zyw.com.jfjsqUITests;
				PRODUCT_NAME = "$(TARGET_NAME)";
				SWIFT_VERSION = 5.0;
				TARGETED_DEVICE_FAMILY = "1,2";
				TEST_TARGET_NAME = jfjsq;
			};
			name = Release;
		};
/* End XCBuildConfiguration section */

/* Begin XCConfigurationList section */
		42729E482647F2390064D6BE /* Build configuration list for PBXProject "jfjsq" */ = {
			isa = XCConfigurationList;
			buildConfigurations = (
				42729E752647F23D0064D6BE /* Debug */,
				42729E762647F23D0064D6BE /* Release */,
			);
			defaultConfigurationIsVisible = 0;
			defaultConfigurationName = Release;
		};
		42729E772647F23D0064D6BE /* Build configuration list for PBXNativeTarget "jfjsq" */ = {
			isa = XCConfigurationList;
			buildConfigurations = (
				42729E782647F23D0064D6BE /* Debug */,
				42729E792647F23D0064D6BE /* Release */,
			);
			defaultConfigurationIsVisible = 0;
			defaultConfigurationName = Release;
		};
		42729E7A2647F23D0064D6BE /* Build configuration list for PBXNativeTarget "jfjsqTests" */ = {
			isa = XCConfigurationList;
			buildConfigurations = (
				42729E7B2647F23D0064D6BE /* Debug */,
				42729E7C2647F23D0064D6BE /* Release */,
			);
			defaultConfigurationIsVisible = 0;
			defaultConfigurationName = Release;
		};
		42729E7D2647F23D0064D6BE /* Build configuration list for PBXNativeTarget "jfjsqUITests" */ = {
			isa = XCConfigurationList;
			buildConfigurations = (
				42729E7E2647F23D0064D6BE /* Debug */,
				42729E7F2647F23D0064D6BE /* Release */,
			);
			defaultConfigurationIsVisible = 0;
			defaultConfigurationName = Release;
		};
/* End XCConfigurationList section */
	};
	rootObject = 42729E452647F2390064D6BE /* Project object */;
}
